<?xml version="1.0" encoding="utf-8"?>
<Project ToolsVersion="4.0" xmlns="http://schemas.microsoft.com/developer/msbuild/2003">
  <ItemGroup>
    <Filter Include="Source Files">
      <UniqueIdentifier>{4FC737F1-C7A5-4376-A066-2A32D752A2FF}</UniqueIdentifier>
      <Extensions>qml;cpp;c;cc;cxx;def;odl;idl;hpj;bat;asm;asmx</Extensions>
    </Filter>
    <Filter Include="Header Files">
      <UniqueIdentifier>{93995380-89BD-4b04-88EB-625FBE52EBFB}</UniqueIdentifier>
      <Extensions>h;hh;hpp;hxx;hm;inl;inc;xsd</Extensions>
    </Filter>
    <Filter Include="Resource Files">
      <UniqueIdentifier>{67DA6AB6-F800-4c08-8B7A-83BB121AAD01}</UniqueIdentifier>
      <Extensions>qrc;rc;ico;cur;bmp;dlg;rc2;rct;bin;rgs;gif;jpg;jpeg;jpe;resx;tiff;tif;png;wav;mfcribbon-ms</Extensions>
    </Filter>
    <Filter Include="Form Files">
      <UniqueIdentifier>{99349809-55BA-4b9d-BF79-8FDBB0286EB3}</UniqueIdentifier>
      <Extensions>ui</Extensions>
    </Filter>
    <Filter Include="Translation Files">
      <UniqueIdentifier>{639EADAA-A684-42e4-A9AD-28FC9BCB8F7C}</UniqueIdentifier>
      <Extensions>ts</Extensions>
    </Filter>
    <Filter Include="Source Files\Chess">
      <UniqueIdentifier>{2a49d9ba-8f78-4d64-85d8-2627bffb239b}</UniqueIdentifier>
    </Filter>
    <Filter Include="Source Files\Chess\GUI">
      <UniqueIdentifier>{9772691c-5db0-4d0e-9dc4-9fe81e0cbb94}</UniqueIdentifier>
    </Filter>
    <Filter Include="Source Files\Chess\Src">
      <UniqueIdentifier>{c80188cc-8624-4fd4-86e3-c7bf0fff590d}</UniqueIdentifier>
    </Filter>
    <Filter Include="Source Files\Chess\Piezas">
      <UniqueIdentifier>{c2b71667-d015-4bfc-8d60-9fd4edb9d90d}</UniqueIdentifier>
    </Filter>
    <Filter Include="Source Files\Chess\GUI\imagenes">
      <UniqueIdentifier>{1a368505-8843-4a3c-a6a0-9548bbdc5777}</UniqueIdentifier>
    </Filter>
    <Filter Include="Source Files\Chess\GUI\imagenes\Piezas">
      <UniqueIdentifier>{29d1a14e-8354-41ec-894f-61257c56114b}</UniqueIdentifier>
    </Filter>
  </ItemGroup>
  <ItemGroup>
    <QtRcc Include="..\..\..\..\CLionProjects\chess-assembly_project\Chess\GUI\_ui\recursos.qrc">
      <Filter>Source Files\Chess\GUI</Filter>
    </QtRcc>
  </ItemGroup>
  <ItemGroup>
    <ClCompile Include="..\..\..\..\CLionProjects\chess-assembly_project\Chess\Piezas\Alfil.cpp">
      <Filter>Source Files\Chess\Piezas</Filter>
    </ClCompile>
    <ClCompile Include="..\..\..\..\CLionProjects\chess-assembly_project\Chess\Piezas\Caballo.cpp">
      <Filter>Source Files\Chess\Piezas</Filter>
    </ClCompile>
    <ClCompile Include="..\..\..\..\CLionProjects\chess-assembly_project\Chess\Piezas\Casilla.cpp">
      <Filter>Source Files\Chess\Piezas</Filter>
    </ClCompile>
    <ClCompile Include="..\..\..\..\CLionProjects\chess-assembly_project\Chess\Piezas\Peon.cpp">
      <Filter>Source Files\Chess\Piezas</Filter>
    </ClCompile>
    <ClCompile Include="..\..\..\..\CLionProjects\chess-assembly_project\Chess\Piezas\Pieza.cpp">
      <Filter>Source Files\Chess\Piezas</Filter>
    </ClCompile>
    <ClCompile Include="..\..\..\..\CLionProjects\chess-assembly_project\Chess\Piezas\Reina.cpp">
      <Filter>Source Files\Chess\Piezas</Filter>
    </ClCompile>
    <ClCompile Include="..\..\..\..\CLionProjects\chess-assembly_project\Chess\Piezas\Rey.cpp">
      <Filter>Source Files\Chess\Piezas</Filter>
    </ClCompile>
    <ClCompile Include="..\..\..\..\CLionProjects\chess-assembly_project\Chess\Piezas\Torre.cpp">
      <Filter>Source Files\Chess\Piezas</Filter>
    </ClCompile>
    <ClCompile Include="..\..\..\..\CLionProjects\chess-assembly_project\Chess\GUI\MainWindow.cpp">
      <Filter>Source Files\Chess\GUI</Filter>
    </ClCompile>
    <ClCompile Include="..\..\..\..\CLionProjects\chess-assembly_project\Chess\Src\Juego.cpp">
      <Filter>Source Files\Chess\Src</Filter>
    </ClCompile>
    <ClCompile Include="..\..\..\..\CLionProjects\chess-assembly_project\Chess\Src\main.cpp">
      <Filter>Source Files\Chess\Src</Filter>
    </ClCompile>
    <ClCompile Include="..\..\..\..\CLionProjects\chess-assembly_project\Chess\Src\Tablero.cpp">
      <Filter>Source Files\Chess\Src</Filter>
    </ClCompile>
  </ItemGroup>
  <ItemGroup>
    <ClInclude Include="..\..\..\..\CLionProjects\chess-assembly_project\Chess\Piezas\Alfil.h">
      <Filter>Source Files\Chess\Piezas</Filter>
    </ClInclude>
    <ClInclude Include="..\..\..\..\CLionProjects\chess-assembly_project\Chess\Piezas\Caballo.h">
      <Filter>Source Files\Chess\Piezas</Filter>
    </ClInclude>
    <ClInclude Include="..\..\..\..\CLionProjects\chess-assembly_project\Chess\Piezas\Casilla.h">
      <Filter>Source Files\Chess\Piezas</Filter>
    </ClInclude>
    <ClInclude Include="..\..\..\..\CLionProjects\chess-assembly_project\Chess\Piezas\Peon.h">
      <Filter>Source Files\Chess\Piezas</Filter>
    </ClInclude>
    <ClInclude Include="..\..\..\..\CLionProjects\chess-assembly_project\Chess\Piezas\Pieza.h">
      <Filter>Source Files\Chess\Piezas</Filter>
    </ClInclude>
    <ClInclude Include="..\..\..\..\CLionProjects\chess-assembly_project\Chess\Piezas\Reina.h">
      <Filter>Source Files\Chess\Piezas</Filter>
    </ClInclude>
    <ClInclude Include="..\..\..\..\CLionProjects\chess-assembly_project\Chess\Piezas\Rey.h">
      <Filter>Source Files\Chess\Piezas</Filter>
    </ClInclude>
    <ClInclude Include="..\..\..\..\CLionProjects\chess-assembly_project\Chess\Piezas\Torre.h">
      <Filter>Source Files\Chess\Piezas</Filter>
    </ClInclude>
    <ClInclude Include="..\..\..\..\CLionProjects\chess-assembly_project\Chess\Src\Juego.h">
      <Filter>Source Files\Chess\Src</Filter>
    </ClInclude>
    <ClInclude Include="..\..\..\..\CLionProjects\chess-assembly_project\Chess\Src\Tablero.h">
      <Filter>Source Files\Chess\Src</Filter>
    </ClInclude>
  </ItemGroup>
  <ItemGroup>
    <QtUic Include="..\..\..\..\CLionProjects\chess-assembly_project\Chess\GUI\Tablero.ui">
      <Filter>Source Files\Chess\GUI</Filter>
    </QtUic>
  </ItemGroup>
  <ItemGroup>
    <QtMoc Include="..\..\..\..\CLionProjects\chess-assembly_project\Chess\GUI\MainWindow.h">
      <Filter>Source Files\Chess\GUI</Filter>
    </QtMoc>
  </ItemGroup>
  <ItemGroup>
    <Image Include="..\..\..\..\CLionProjects\chess-assembly_project\Chess\GUI\_ui\imagenes\fondo.jpg">
      <Filter>Source Files\Chess\GUI\imagenes</Filter>
    </Image>
    <Image Include="..\..\..\..\CLionProjects\chess-assembly_project\Chess\GUI\_ui\imagenes\texturaMaderaClara.jpg">
      <Filter>Source Files\Chess\GUI\imagenes</Filter>
    </Image>
    <Image Include="..\..\..\..\CLionProjects\chess-assembly_project\Chess\GUI\_ui\imagenes\texturaMaderaOscura.jpg">
      <Filter>Source Files\Chess\GUI\imagenes</Filter>
    </Image>
    <Image Include="..\..\..\..\CLionProjects\chess-assembly_project\Chess\GUI\_ui\imagenes\Piezas\AlfilBlanco.png">
      <Filter>Source Files\Chess\GUI\imagenes\Piezas</Filter>
    </Image>
    <Image Include="..\..\..\..\CLionProjects\chess-assembly_project\Chess\GUI\_ui\imagenes\Piezas\AlfilBlancoRotado.png">
      <Filter>Source Files\Chess\GUI\imagenes\Piezas</Filter>
    </Image>
    <Image Include="..\..\..\..\CLionProjects\chess-assembly_project\Chess\GUI\_ui\imagenes\Piezas\AlfilNegro.png">
      <Filter>Source Files\Chess\GUI\imagenes\Piezas</Filter>
    </Image>
    <Image Include="..\..\..\..\CLionProjects\chess-assembly_project\Chess\GUI\_ui\imagenes\Piezas\AlfilNegroRotado.png">
      <Filter>Source Files\Chess\GUI\imagenes\Piezas</Filter>
    </Image>
    <Image Include="..\..\..\..\CLionProjects\chess-assembly_project\Chess\GUI\_ui\imagenes\Piezas\CaballoBlanco.png">
      <Filter>Source Files\Chess\GUI\imagenes\Piezas</Filter>
    </Image>
    <Image Include="..\..\..\..\CLionProjects\chess-assembly_project\Chess\GUI\_ui\imagenes\Piezas\CaballoBlancoRotado.png">
      <Filter>Source Files\Chess\GUI\imagenes\Piezas</Filter>
    </Image>
    <Image Include="..\..\..\..\CLionProjects\chess-assembly_project\Chess\GUI\_ui\imagenes\Piezas\CaballoNegro.png">
      <Filter>Source Files\Chess\GUI\imagenes\Piezas</Filter>
    </Image>
    <Image Include="..\..\..\..\CLionProjects\chess-assembly_project\Chess\GUI\_ui\imagenes\Piezas\CaballoNegroRotado.png">
      <Filter>Source Files\Chess\GUI\imagenes\Piezas</Filter>
    </Image>
    <Image Include="..\..\..\..\CLionProjects\chess-assembly_project\Chess\GUI\_ui\imagenes\Piezas\PeonBlanco.png">
      <Filter>Source Files\Chess\GUI\imagenes\Piezas</Filter>
    </Image>
    <Image Include="..\..\..\..\CLionProjects\chess-assembly_project\Chess\GUI\_ui\imagenes\Piezas\PeonBlancoRotado.png">
      <Filter>Source Files\Chess\GUI\imagenes\Piezas</Filter>
    </Image>
    <Image Include="..\..\..\..\CLionProjects\chess-assembly_project\Chess\GUI\_ui\imagenes\Piezas\PeonNegro.png">
      <Filter>Source Files\Chess\GUI\imagenes\Piezas</Filter>
    </Image>
    <Image Include="..\..\..\..\CLionProjects\chess-assembly_project\Chess\GUI\_ui\imagenes\Piezas\PeonNegroRotado.png">
      <Filter>Source Files\Chess\GUI\imagenes\Piezas</Filter>
    </Image>
    <Image Include="..\..\..\..\CLionProjects\chess-assembly_project\Chess\GUI\_ui\imagenes\Piezas\ReinaBlanco.png">
      <Filter>Source Files\Chess\GUI\imagenes\Piezas</Filter>
    </Image>
    <Image Include="..\..\..\..\CLionProjects\chess-assembly_project\Chess\GUI\_ui\imagenes\Piezas\ReinaBlancoRotado.png">
      <Filter>Source Files\Chess\GUI\imagenes\Piezas</Filter>
    </Image>
    <Image Include="..\..\..\..\CLionProjects\chess-assembly_project\Chess\GUI\_ui\imagenes\Piezas\ReinaNegro.png">
      <Filter>Source Files\Chess\GUI\imagenes\Piezas</Filter>
    </Image>
    <Image Include="..\..\..\..\CLionProjects\chess-assembly_project\Chess\GUI\_ui\imagenes\Piezas\ReinaNegroRotado.png">
      <Filter>Source Files\Chess\GUI\imagenes\Piezas</Filter>
    </Image>
    <Image Include="..\..\..\..\CLionProjects\chess-assembly_project\Chess\GUI\_ui\imagenes\Piezas\ReyBlanco.png">
      <Filter>Source Files\Chess\GUI\imagenes\Piezas</Filter>
    </Image>
    <Image Include="..\..\..\..\CLionProjects\chess-assembly_project\Chess\GUI\_ui\imagenes\Piezas\ReyBlancoRotado.png">
      <Filter>Source Files\Chess\GUI\imagenes\Piezas</Filter>
    </Image>
    <Image Include="..\..\..\..\CLionProjects\chess-assembly_project\Chess\GUI\_ui\imagenes\Piezas\ReyNegro.png">
      <Filter>Source Files\Chess\GUI\imagenes\Piezas</Filter>
    </Image>
    <Image Include="..\..\..\..\CLionProjects\chess-assembly_project\Chess\GUI\_ui\imagenes\Piezas\ReyNegroRotado.png">
      <Filter>Source Files\Chess\GUI\imagenes\Piezas</Filter>
    </Image>
    <Image Include="..\..\..\..\CLionProjects\chess-assembly_project\Chess\GUI\_ui\imagenes\Piezas\TorreBlanco.png">
      <Filter>Source Files\Chess\GUI\imagenes\Piezas</Filter>
    </Image>
    <Image Include="..\..\..\..\CLionProjects\chess-assembly_project\Chess\GUI\_ui\imagenes\Piezas\TorreBlancoRotado.png">
      <Filter>Source Files\Chess\GUI\imagenes\Piezas</Filter>
    </Image>
    <Image Include="..\..\..\..\CLionProjects\chess-assembly_project\Chess\GUI\_ui\imagenes\Piezas\TorreNegro.png">
      <Filter>Source Files\Chess\GUI\imagenes\Piezas</Filter>
    </Image>
    <Image Include="..\..\..\..\CLionProjects\chess-assembly_project\Chess\GUI\_ui\imagenes\Piezas\TorreNegroRotado.png">
      <Filter>Source Files\Chess\GUI\imagenes\Piezas</Filter>
    </Image>
  </ItemGroup>
</Project>